
Microsoft Visual Studio Solution File, Format Version 12.00
# Visual Studio 15
VisualStudioVersion = 15.0.27703.2000
MinimumVisualStudioVersion = 10.0.40219.1
Project("{FAE04EC0-301F-11D3-BF4B-00C04F79EFBC}") = "Exo-LINQ", "Exo-LINQ\Exo-LINQ.csproj", "{9EB7229A-DD67-43C4-BAC7-90DF9201FFB0}"
EndProject
Global
	GlobalSection(SolutionConfigurationPlatforms) = preSolution
		Debug|Any CPU = Debug|Any CPU
		Release|Any CPU = Release|Any CPU
	EndGlobalSection
	GlobalSection(ProjectConfigurationPlatforms) = postSolution
		{9EB7229A-DD67-43C4-BAC7-90DF9201FFB0}.Debug|Any CPU.ActiveCfg = Debug|Any CPU
		{9EB7229A-DD67-43C4-BAC7-90DF9201FFB0}.Debug|Any CPU.Build.0 = Debug|Any CPU
		{9EB7229A-DD67-43C4-BAC7-90DF9201FFB0}.Release|Any CPU.ActiveCfg = Release|Any CPU
		{9EB7229A-DD67-43C4-BAC7-90DF9201FFB0}.Release|Any CPU.Build.0 = Release|Any CPU
	EndGlobalSection
	GlobalSection(SolutionProperties) = preSolution
		HideSolutionNode = FALSE
	EndGlobalSection
	GlobalSection(ExtensibilityGlobals) = postSolution
		SolutionGuid = {029E2E17-DA24-4A27-A6B1-D4721FCCBC46}
	EndGlobalSection
EndGlobal
